
Microsoft Visual Studio Solution File, Format Version 12.00
# Visual Studio 2012
Project("{FAE04EC0-301F-11D3-BF4B-00C04F79EFBC}") = "EvyThingUtil", "EvyThingUtil\EvyThingUtil.csproj", "{C27C1C24-BD8E-4CA5-896D-0A3AF6BDA56D}"
EndProject
Global
	GlobalSection(SolutionConfigurationPlatforms) = preSolution
		Debug|Any CPU = Debug|Any CPU
		Debug|Mixed Platforms = Debug|Mixed Platforms
		Debug|Win32 = Debug|Win32
		Debug|x64 = Debug|x64
		Debug|x86 = Debug|x86
		Release ALPHA|Any CPU = Release ALPHA|Any CPU
		Release ALPHA|Mixed Platforms = Release ALPHA|Mixed Platforms
		Release ALPHA|Win32 = Release ALPHA|Win32
		Release ALPHA|x64 = Release ALPHA|x64
		Release ALPHA|x86 = Release ALPHA|x86
		release BETA|Any CPU = release BETA|Any CPU
		release BETA|Mixed Platforms = release BETA|Mixed Platforms
		release BETA|Win32 = release BETA|Win32
		release BETA|x64 = release BETA|x64
		release BETA|x86 = release BETA|x86
		Release|Any CPU = Release|Any CPU
		Release|Mixed Platforms = Release|Mixed Platforms
		Release|Win32 = Release|Win32
		Release|x64 = Release|x64
		Release|x86 = Release|x86
	EndGlobalSection
	GlobalSection(ProjectConfigurationPlatforms) = postSolution
		{C27C1C24-BD8E-4CA5-896D-0A3AF6BDA56D}.Debug|Any CPU.ActiveCfg = Debug|Any CPU
		{C27C1C24-BD8E-4CA5-896D-0A3AF6BDA56D}.Debug|Any CPU.Build.0 = Debug|Any CPU
		{C27C1C24-BD8E-4CA5-896D-0A3AF6BDA56D}.Debug|Mixed Platforms.ActiveCfg = Debug|Any CPU
		{C27C1C24-BD8E-4CA5-896D-0A3AF6BDA56D}.Debug|Mixed Platforms.Build.0 = Debug|Any CPU
		{C27C1C24-BD8E-4CA5-896D-0A3AF6BDA56D}.Debug|Win32.ActiveCfg = Debug|Any CPU
		{C27C1C24-BD8E-4CA5-896D-0A3AF6BDA56D}.Debug|x64.ActiveCfg = Debug|Any CPU
		{C27C1C24-BD8E-4CA5-896D-0A3AF6BDA56D}.Debug|x86.ActiveCfg = Debug|Any CPU
		{C27C1C24-BD8E-4CA5-896D-0A3AF6BDA56D}.Release ALPHA|Any CPU.ActiveCfg = Release|Any CPU
		{C27C1C24-BD8E-4CA5-896D-0A3AF6BDA56D}.Release ALPHA|Any CPU.Build.0 = Release|Any CPU
		{C27C1C24-BD8E-4CA5-896D-0A3AF6BDA56D}.Release ALPHA|Mixed Platforms.ActiveCfg = Release|Any CPU
		{C27C1C24-BD8E-4CA5-896D-0A3AF6BDA56D}.Release ALPHA|Mixed Platforms.Build.0 = Release|Any CPU
		{C27C1C24-BD8E-4CA5-896D-0A3AF6BDA56D}.Release ALPHA|Win32.ActiveCfg = Release|Any CPU
		{C27C1C24-BD8E-4CA5-896D-0A3AF6BDA56D}.Release ALPHA|x64.ActiveCfg = Release|Any CPU
		{C27C1C24-BD8E-4CA5-896D-0A3AF6BDA56D}.Release ALPHA|x86.ActiveCfg = Release|Any CPU
		{C27C1C24-BD8E-4CA5-896D-0A3AF6BDA56D}.release BETA|Any CPU.ActiveCfg = Release|Any CPU
		{C27C1C24-BD8E-4CA5-896D-0A3AF6BDA56D}.release BETA|Any CPU.Build.0 = Release|Any CPU
		{C27C1C24-BD8E-4CA5-896D-0A3AF6BDA56D}.release BETA|Mixed Platforms.ActiveCfg = Release|Any CPU
		{C27C1C24-BD8E-4CA5-896D-0A3AF6BDA56D}.release BETA|Mixed Platforms.Build.0 = Release|Any CPU
		{C27C1C24-BD8E-4CA5-896D-0A3AF6BDA56D}.release BETA|Win32.ActiveCfg = Release|Any CPU
		{C27C1C24-BD8E-4CA5-896D-0A3AF6BDA56D}.release BETA|x64.ActiveCfg = Release|Any CPU
		{C27C1C24-BD8E-4CA5-896D-0A3AF6BDA56D}.release BETA|x86.ActiveCfg = Release|Any CPU
		{C27C1C24-BD8E-4CA5-896D-0A3AF6BDA56D}.Release|Any CPU.ActiveCfg = Release|Any CPU
		{C27C1C24-BD8E-4CA5-896D-0A3AF6BDA56D}.Release|Any CPU.Build.0 = Release|Any CPU
		{C27C1C24-BD8E-4CA5-896D-0A3AF6BDA56D}.Release|Mixed Platforms.ActiveCfg = Release|Any CPU
		{C27C1C24-BD8E-4CA5-896D-0A3AF6BDA56D}.Release|Mixed Platforms.Build.0 = Release|Any CPU
		{C27C1C24-BD8E-4CA5-896D-0A3AF6BDA56D}.Release|Win32.ActiveCfg = Release|Any CPU
		{C27C1C24-BD8E-4CA5-896D-0A3AF6BDA56D}.Release|x64.ActiveCfg = Release|Any CPU
		{C27C1C24-BD8E-4CA5-896D-0A3AF6BDA56D}.Release|x86.ActiveCfg = Release|Any CPU
	EndGlobalSection
	GlobalSection(SolutionProperties) = preSolution
		HideSolutionNode = FALSE
	EndGlobalSection
EndGlobal
